
Microsoft Visual Studio Solution File, Format Version 12.00
# Visual Studio 15
VisualStudioVersion = 15.0.28307.421
MinimumVisualStudioVersion = 10.0.40219.1
Project("{2150E333-8FDC-42A3-9474-1A3956D46DE8}") = "01 Tipo de Datos", "01 Tipo de Datos", "{073010DA-EDB6-40ED-BFD5-E14C3E43FD7A}"
EndProject
Project("{FAE04EC0-301F-11D3-BF4B-00C04F79EFBC}") = "Curso.CSharp.ConsolaApp1", "Curso.CSharp.ConsolaApp1\Curso.CSharp.ConsolaApp1.csproj", "{CE16D15C-7156-4C86-8ABB-D45A006B3DD3}"
EndProject
Project("{2150E333-8FDC-42A3-9474-1A3956D46DE8}") = "02 Métodos", "02 Métodos", "{158F5B9C-D30E-487F-8C9B-E68EBD4822BF}"
EndProject
Project("{FAE04EC0-301F-11D3-BF4B-00C04F79EFBC}") = "Curso.CSharp.ConsoleApp2", "Curso.CSharp.ConsoleApp2\Curso.CSharp.ConsoleApp2.csproj", "{9E824462-55B9-4BAA-9354-D4A5D008701D}"
EndProject
Project("{2150E333-8FDC-42A3-9474-1A3956D46DE8}") = "03 Arrays", "03 Arrays", "{DD9632AE-7D06-4B1F-A4E1-9336143C2081}"
EndProject
Project("{FAE04EC0-301F-11D3-BF4B-00C04F79EFBC}") = "Curso.CSharp.ConsoleApp3", "Curso.CSharpConsoleApp3\Curso.CSharp.ConsoleApp3.csproj", "{7A6C7238-91C7-4B25-A2A6-10499BA91C53}"
EndProject
Project("{2150E333-8FDC-42A3-9474-1A3956D46DE8}") = "99 Ejercicios", "99 Ejercicios", "{5A42CBA0-E697-488A-BFA8-B170081EA875}"
EndProject
Project("{FAE04EC0-301F-11D3-BF4B-00C04F79EFBC}") = "Curso.CSharp.ConsoleAppEjercicios", "Curso.CSharp.ConsoleAppEjercicios\Curso.CSharp.ConsoleAppEjercicios.csproj", "{56E5964B-6B73-4ACA-88BF-4D5F15D10455}"
EndProject
Project("{2150E333-8FDC-42A3-9474-1A3956D46DE8}") = "04 Excepciones", "04 Excepciones", "{65A41828-F791-4287-BBDC-166FD36360B5}"
EndProject
Project("{FAE04EC0-301F-11D3-BF4B-00C04F79EFBC}") = "Curso.CSharp.ConsoleApp4", "Curso.CSharp.ConsoleApp4\Curso.CSharp.ConsoleApp4.csproj", "{7AC5F08E-C4B5-40E7-84E0-6675ECAFF28C}"
EndProject
Project("{2150E333-8FDC-42A3-9474-1A3956D46DE8}") = "05 Eventos", "05 Eventos", "{630B9067-994F-4045-80A8-68CD843CE5EB}"
EndProject
Project("{FAE04EC0-301F-11D3-BF4B-00C04F79EFBC}") = "Curso.CSharp.ConsoleApp5", "Curso.CSharp.ConsoleApp5\Curso.CSharp.ConsoleApp5.csproj", "{8DB3EA1C-1583-468D-8625-EEE09B58CD57}"
EndProject
Project("{2150E333-8FDC-42A3-9474-1A3956D46DE8}") = "06 Interfaces y Diseño de Factorias", "06 Interfaces y Diseño de Factorias", "{8679D969-60CD-48AF-A70D-69BEA8839BF1}"
EndProject
Project("{FAE04EC0-301F-11D3-BF4B-00C04F79EFBC}") = "Curso.CSharp.ConsoleApp6", "Curso.CSharp.ConsoleApp6\Curso.CSharp.ConsoleApp6.csproj", "{B6B6BA78-E3FD-44BC-8524-62FB3BFA727F}"
EndProject
Project("{2150E333-8FDC-42A3-9474-1A3956D46DE8}") = "07 Clases Abstractas", "07 Clases Abstractas", "{529B059D-CEF5-4536-B757-F4846F78BFA4}"
EndProject
Project("{FAE04EC0-301F-11D3-BF4B-00C04F79EFBC}") = "Curso.CSharp.ConsoleApp7", "Curso.CSharp.ConsoleApp7\Curso.CSharp.ConsoleApp7.csproj", "{87CEF001-B709-4021-8421-98F9ADFC2A46}"
EndProject
Project("{2150E333-8FDC-42A3-9474-1A3956D46DE8}") = "08 Tipo Genérico y Extension de Tipos", "08 Tipo Genérico y Extension de Tipos", "{CF2A2A68-CEB2-4C87-8980-3440D3579621}"
EndProject
Project("{FAE04EC0-301F-11D3-BF4B-00C04F79EFBC}") = "Curso.CSharp.ConsoleApp8", "Curso.CSharp.ConsoleApp8\Curso.CSharp.ConsoleApp8.csproj", "{EF450449-D863-4C03-90F2-C5CB658FF83D}"
EndProject
Project("{2150E333-8FDC-42A3-9474-1A3956D46DE8}") = "09 Colecciones y LINQ", "09 Colecciones y LINQ", "{2D72566C-6F3D-47BE-8992-6A8EFEED406F}"
EndProject
Project("{FAE04EC0-301F-11D3-BF4B-00C04F79EFBC}") = "Curso.CSharp.ConsoleApp9", "Curso.CSharp.ConsoleApp9\Curso.CSharp.ConsoleApp9.csproj", "{88C63E01-E70F-432D-B0E5-6BD1E6752701}"
EndProject
Project("{FAE04EC0-301F-11D3-BF4B-00C04F79EFBC}") = "Curso.CSharp.ConsoleAppEjercicios2", "Curso.CSharpConsoleAppEjercicios2\Curso.CSharp.ConsoleAppEjercicios2.csproj", "{AA11B725-31B1-4FDC-B278-A63FD965C3AD}"
EndProject
Global
	GlobalSection(SolutionConfigurationPlatforms) = preSolution
		Debug|Any CPU = Debug|Any CPU
		Release|Any CPU = Release|Any CPU
	EndGlobalSection
	GlobalSection(ProjectConfigurationPlatforms) = postSolution
		{CE16D15C-7156-4C86-8ABB-D45A006B3DD3}.Debug|Any CPU.ActiveCfg = Debug|Any CPU
		{CE16D15C-7156-4C86-8ABB-D45A006B3DD3}.Debug|Any CPU.Build.0 = Debug|Any CPU
		{CE16D15C-7156-4C86-8ABB-D45A006B3DD3}.Release|Any CPU.ActiveCfg = Release|Any CPU
		{CE16D15C-7156-4C86-8ABB-D45A006B3DD3}.Release|Any CPU.Build.0 = Release|Any CPU
		{9E824462-55B9-4BAA-9354-D4A5D008701D}.Debug|Any CPU.ActiveCfg = Debug|Any CPU
		{9E824462-55B9-4BAA-9354-D4A5D008701D}.Debug|Any CPU.Build.0 = Debug|Any CPU
		{9E824462-55B9-4BAA-9354-D4A5D008701D}.Release|Any CPU.ActiveCfg = Release|Any CPU
		{9E824462-55B9-4BAA-9354-D4A5D008701D}.Release|Any CPU.Build.0 = Release|Any CPU
		{7A6C7238-91C7-4B25-A2A6-10499BA91C53}.Debug|Any CPU.ActiveCfg = Debug|Any CPU
		{7A6C7238-91C7-4B25-A2A6-10499BA91C53}.Debug|Any CPU.Build.0 = Debug|Any CPU
		{7A6C7238-91C7-4B25-A2A6-10499BA91C53}.Release|Any CPU.ActiveCfg = Release|Any CPU
		{7A6C7238-91C7-4B25-A2A6-10499BA91C53}.Release|Any CPU.Build.0 = Release|Any CPU
		{56E5964B-6B73-4ACA-88BF-4D5F15D10455}.Debug|Any CPU.ActiveCfg = Debug|Any CPU
		{56E5964B-6B73-4ACA-88BF-4D5F15D10455}.Debug|Any CPU.Build.0 = Debug|Any CPU
		{56E5964B-6B73-4ACA-88BF-4D5F15D10455}.Release|Any CPU.ActiveCfg = Release|Any CPU
		{56E5964B-6B73-4ACA-88BF-4D5F15D10455}.Release|Any CPU.Build.0 = Release|Any CPU
		{7AC5F08E-C4B5-40E7-84E0-6675ECAFF28C}.Debug|Any CPU.ActiveCfg = Debug|Any CPU
		{7AC5F08E-C4B5-40E7-84E0-6675ECAFF28C}.Debug|Any CPU.Build.0 = Debug|Any CPU
		{7AC5F08E-C4B5-40E7-84E0-6675ECAFF28C}.Release|Any CPU.ActiveCfg = Release|Any CPU
		{7AC5F08E-C4B5-40E7-84E0-6675ECAFF28C}.Release|Any CPU.Build.0 = Release|Any CPU
		{8DB3EA1C-1583-468D-8625-EEE09B58CD57}.Debug|Any CPU.ActiveCfg = Debug|Any CPU
		{8DB3EA1C-1583-468D-8625-EEE09B58CD57}.Debug|Any CPU.Build.0 = Debug|Any CPU
		{8DB3EA1C-1583-468D-8625-EEE09B58CD57}.Release|Any CPU.ActiveCfg = Release|Any CPU
		{8DB3EA1C-1583-468D-8625-EEE09B58CD57}.Release|Any CPU.Build.0 = Release|Any CPU
		{B6B6BA78-E3FD-44BC-8524-62FB3BFA727F}.Debug|Any CPU.ActiveCfg = Debug|Any CPU
		{B6B6BA78-E3FD-44BC-8524-62FB3BFA727F}.Debug|Any CPU.Build.0 = Debug|Any CPU
		{B6B6BA78-E3FD-44BC-8524-62FB3BFA727F}.Release|Any CPU.ActiveCfg = Release|Any CPU
		{B6B6BA78-E3FD-44BC-8524-62FB3BFA727F}.Release|Any CPU.Build.0 = Release|Any CPU
		{87CEF001-B709-4021-8421-98F9ADFC2A46}.Debug|Any CPU.ActiveCfg = Debug|Any CPU
		{87CEF001-B709-4021-8421-98F9ADFC2A46}.Debug|Any CPU.Build.0 = Debug|Any CPU
		{87CEF001-B709-4021-8421-98F9ADFC2A46}.Release|Any CPU.ActiveCfg = Release|Any CPU
		{87CEF001-B709-4021-8421-98F9ADFC2A46}.Release|Any CPU.Build.0 = Release|Any CPU
		{EF450449-D863-4C03-90F2-C5CB658FF83D}.Debug|Any CPU.ActiveCfg = Debug|Any CPU
		{EF450449-D863-4C03-90F2-C5CB658FF83D}.Debug|Any CPU.Build.0 = Debug|Any CPU
		{EF450449-D863-4C03-90F2-C5CB658FF83D}.Release|Any CPU.ActiveCfg = Release|Any CPU
		{EF450449-D863-4C03-90F2-C5CB658FF83D}.Release|Any CPU.Build.0 = Release|Any CPU
		{88C63E01-E70F-432D-B0E5-6BD1E6752701}.Debug|Any CPU.ActiveCfg = Debug|Any CPU
		{88C63E01-E70F-432D-B0E5-6BD1E6752701}.Debug|Any CPU.Build.0 = Debug|Any CPU
		{88C63E01-E70F-432D-B0E5-6BD1E6752701}.Release|Any CPU.ActiveCfg = Release|Any CPU
		{88C63E01-E70F-432D-B0E5-6BD1E6752701}.Release|Any CPU.Build.0 = Release|Any CPU
		{AA11B725-31B1-4FDC-B278-A63FD965C3AD}.Debug|Any CPU.ActiveCfg = Debug|Any CPU
		{AA11B725-31B1-4FDC-B278-A63FD965C3AD}.Debug|Any CPU.Build.0 = Debug|Any CPU
		{AA11B725-31B1-4FDC-B278-A63FD965C3AD}.Release|Any CPU.ActiveCfg = Release|Any CPU
		{AA11B725-31B1-4FDC-B278-A63FD965C3AD}.Release|Any CPU.Build.0 = Release|Any CPU
	EndGlobalSection
	GlobalSection(SolutionProperties) = preSolution
		HideSolutionNode = FALSE
	EndGlobalSection
	GlobalSection(NestedProjects) = preSolution
		{CE16D15C-7156-4C86-8ABB-D45A006B3DD3} = {073010DA-EDB6-40ED-BFD5-E14C3E43FD7A}
		{9E824462-55B9-4BAA-9354-D4A5D008701D} = {158F5B9C-D30E-487F-8C9B-E68EBD4822BF}
		{7A6C7238-91C7-4B25-A2A6-10499BA91C53} = {DD9632AE-7D06-4B1F-A4E1-9336143C2081}
		{56E5964B-6B73-4ACA-88BF-4D5F15D10455} = {5A42CBA0-E697-488A-BFA8-B170081EA875}
		{7AC5F08E-C4B5-40E7-84E0-6675ECAFF28C} = {65A41828-F791-4287-BBDC-166FD36360B5}
		{8DB3EA1C-1583-468D-8625-EEE09B58CD57} = {630B9067-994F-4045-80A8-68CD843CE5EB}
		{B6B6BA78-E3FD-44BC-8524-62FB3BFA727F} = {8679D969-60CD-48AF-A70D-69BEA8839BF1}
		{87CEF001-B709-4021-8421-98F9ADFC2A46} = {529B059D-CEF5-4536-B757-F4846F78BFA4}
		{EF450449-D863-4C03-90F2-C5CB658FF83D} = {CF2A2A68-CEB2-4C87-8980-3440D3579621}
		{88C63E01-E70F-432D-B0E5-6BD1E6752701} = {2D72566C-6F3D-47BE-8992-6A8EFEED406F}
		{AA11B725-31B1-4FDC-B278-A63FD965C3AD} = {5A42CBA0-E697-488A-BFA8-B170081EA875}
	EndGlobalSection
	GlobalSection(ExtensibilityGlobals) = postSolution
		SolutionGuid = {64185CEC-9EDF-430B-AA71-E2147D05C678}
	EndGlobalSection
EndGlobal
